
Microsoft Visual Studio Solution File, Format Version 12.00
# Visual Studio Version 17
VisualStudioVersion = 17.3.32825.248
MinimumVisualStudioVersion = 10.0.40219.1
Project("{FAE04EC0-301F-11D3-BF4B-00C04F79EFBC}") = "EulerAndAdams", "EulerAndAdams.csproj", "{65FC54C0-5084-4D19-8FA8-3F25B22AD4C2}"
EndProject
Global
	GlobalSection(SolutionConfigurationPlatforms) = preSolution
		Debug|Any CPU = Debug|Any CPU
		Release|Any CPU = Release|Any CPU
	EndGlobalSection
	GlobalSection(ProjectConfigurationPlatforms) = postSolution
		{65FC54C0-5084-4D19-8FA8-3F25B22AD4C2}.Debug|Any CPU.ActiveCfg = Debug|Any CPU
		{65FC54C0-5084-4D19-8FA8-3F25B22AD4C2}.Debug|Any CPU.Build.0 = Debug|Any CPU
		{65FC54C0-5084-4D19-8FA8-3F25B22AD4C2}.Release|Any CPU.ActiveCfg = Release|Any CPU
		{65FC54C0-5084-4D19-8FA8-3F25B22AD4C2}.Release|Any CPU.Build.0 = Release|Any CPU
	EndGlobalSection
	GlobalSection(SolutionProperties) = preSolution
		HideSolutionNode = FALSE
	EndGlobalSection
	GlobalSection(ExtensibilityGlobals) = postSolution
		SolutionGuid = {AEB2B5F4-E89A-4445-831C-A39F71C8A77E}
	EndGlobalSection
EndGlobal
